{
  "name": "buildtool",
  "version": "1.0.0",
  "lockfileVersion": 1,
  "requires": true,
  "dependencies": {
    "bluebird": {
      "version": "3.5.1",
      "resolved": "https://registry.npmjs.org/bluebird/-/bluebird-3.5.1.tgz",
      "integrity": "sha512-MKiLiV+I1AA596t9w1sQJ8jkiSr5+ZKi0WKrYGUn6d1Fx+Ij4tIj+m2WMQSGczs5jZVxV339chE8iwk6F64wjA=="
    },
    "simple-exe": {
      "version": "1.0.3",
      "resolved": "https://registry.npmjs.org/simple-exe/-/simple-exe-1.0.3.tgz",
      "integrity": "sha1-VNBIUuOJFuwBapuKt/0dXajFy4Q="
    }
  }
}
